{
  "name": "agent-k-monorepo",
  "version": "3.0.0-skeleton",
  "lockfileVersion": 3,
  "requires": true,
  "packages": {
    "": {
      "name": "agent-k-monorepo",
      "version": "3.0.0-skeleton",
      "workspaces": [
        "packages/*",
        "extensions/*"
      ],
      "engines": {
        "node": ">=18"
      }
    },
    "extensions/agent-k": {
      "version": "0.0.0",
      "engines": {
        "vscode": "^1.85.0"
      }
    },
    "node_modules/@agent-k/chat-ui": {
      "resolved": "packages/chat-ui",
      "link": true
    },
    "node_modules/@agent-k/core": {
      "resolved": "packages/core",
      "link": true
    },
    "node_modules/@agent-k/host": {
      "resolved": "packages/host",
      "link": true
    },
    "node_modules/@agent-k/plan": {
      "resolved": "packages/plan",
      "link": true
    },
    "node_modules/@agent-k/providers": {
      "resolved": "packages/providers",
      "link": true
    },
    "node_modules/@agent-k/safety": {
      "resolved": "packages/safety",
      "link": true
    },
    "node_modules/@agent-k/shared": {
      "resolved": "packages/shared",
      "link": true
    },
    "node_modules/@agent-k/tools": {
      "resolved": "packages/tools",
      "link": true
    },
    "node_modules/@agent-k/worktree": {
      "resolved": "packages/worktree",
      "link": true
    },
    "node_modules/agent-k": {
      "resolved": "extensions/agent-k",
      "link": true
    },
    "packages/chat-ui": {
      "name": "@agent-k/chat-ui",
      "version": "0.0.0"
    },
    "packages/core": {
      "name": "@agent-k/core",
      "version": "0.0.0"
    },
    "packages/host": {
      "name": "@agent-k/host",
      "version": "0.0.0"
    },
    "packages/plan": {
      "name": "@agent-k/plan",
      "version": "0.0.0"
    },
    "packages/providers": {
      "name": "@agent-k/providers",
      "version": "0.0.0"
    },
    "packages/safety": {
      "name": "@agent-k/safety",
      "version": "0.0.0"
    },
    "packages/shared": {
      "name": "@agent-k/shared",
      "version": "0.0.0"
    },
    "packages/tools": {
      "name": "@agent-k/tools",
      "version": "0.0.0"
    },
    "packages/worktree": {
      "name": "@agent-k/worktree",
      "version": "0.0.0"
    }
  }
}
